{
    "name": "thaw-carrots",
    "version": "1.0.1",
    "lockfileVersion": 1,
    "requires": true,
    "dependencies": {
        "ansi-regex": {
            "version": "2.1.1",
            "resolved": "https://registry.npmjs.org/ansi-regex/-/ansi-regex-2.1.1.tgz",
            "integrity": "sha1-w7M6te42DYbg5ijwRorn7yfWVN8="
        },
        "code-point-at": {
            "version": "1.1.0",
            "resolved": "https://registry.npmjs.org/code-point-at/-/code-point-at-1.1.0.tgz",
            "integrity": "sha1-DQcLTQQ6W+ozovGkDi7bPZpMz3c="
        },
        "is-fullwidth-code-point": {
            "version": "1.0.0",
            "resolved": "https://registry.npmjs.org/is-fullwidth-code-point/-/is-fullwidth-code-point-1.0.0.tgz",
            "integrity": "sha1-754xOG8DGn8NZDr4L95QxFfvAMs=",
            "requires": {
                "number-is-nan": "^1.0.0"
            }
        },
        "kleur": {
            "version": "2.0.2",
            "resolved": "https://registry.npmjs.org/kleur/-/kleur-2.0.2.tgz",
            "integrity": "sha512-77XF9iTllATmG9lSlIv0qdQ2BQ/h9t0bJllHlbvsQ0zUWfU7Yi0S8L5JXzPZgkefIiajLmBJJ4BsMJmqcf7oxQ=="
        },
        "mri": {
            "version": "1.1.1",
            "resolved": "https://registry.npmjs.org/mri/-/mri-1.1.1.tgz",
            "integrity": "sha1-haom09ru7t+A3FmEr5XMXKXK2fE="
        },
        "nan": {
            "version": "2.11.1",
            "resolved": "https://registry.npmjs.org/nan/-/nan-2.11.1.tgz",
            "integrity": "sha512-iji6k87OSXa0CcrLl9z+ZiYSuR2o+c0bGuNmXdrhTQTakxytAFsC56SArGYoiHlJlFoHSnvmhpceZJaXkVuOtA=="
        },
        "number-is-nan": {
            "version": "1.0.1",
            "resolved": "https://registry.npmjs.org/number-is-nan/-/number-is-nan-1.0.1.tgz",
            "integrity": "sha1-CXtgK1NCKlIsGvuHkDGDNpQaAR0="
        },
        "single-line-log": {
            "version": "1.1.2",
            "resolved": "https://registry.npmjs.org/single-line-log/-/single-line-log-1.1.2.tgz",
            "integrity": "sha1-wvg/Jzo+GhbtsJlWYdoO1e8DM2Q=",
            "requires": {
                "string-width": "^1.0.1"
            }
        },
        "sleep": {
            "version": "5.2.3",
            "resolved": "https://registry.npmjs.org/sleep/-/sleep-5.2.3.tgz",
            "integrity": "sha512-vC05N1XqgIiPIj6tEq7wt0R32aTycJv4Ymo/jwSEp2PkeU1GCJ1tkl+RdYZEo7Gjebq8QQuhFuEe7vsyVGlFRA==",
            "requires": {
                "nan": ">=2.5.1"
            }
        },
        "string-width": {
            "version": "1.0.2",
            "resolved": "https://registry.npmjs.org/string-width/-/string-width-1.0.2.tgz",
            "integrity": "sha1-EYvfW4zcUaKn5w0hHgfisLmxB9M=",
            "requires": {
                "code-point-at": "^1.0.0",
                "is-fullwidth-code-point": "^1.0.0",
                "strip-ansi": "^3.0.0"
            }
        },
        "strip-ansi": {
            "version": "3.0.1",
            "resolved": "http://registry.npmjs.org/strip-ansi/-/strip-ansi-3.0.1.tgz",
            "integrity": "sha1-ajhfuIU9lS1f8F0Oiq+UJ43GPc8=",
            "requires": {
                "ansi-regex": "^2.0.0"
            }
        },
        "systeminformation": {
            "version": "3.45.7",
            "resolved": "https://registry.npmjs.org/systeminformation/-/systeminformation-3.45.7.tgz",
            "integrity": "sha512-MVTzuYCrrjS3o91oiEBZ7z4F+lw6lg7GXK8VgTaJLdCMTxXyJZCQYKr7GMYgt72y5JCYWz/kWc8a66RNjRnCkQ=="
        }
    }
}
