{
    "name": "thaw-carrots",
    "version": "1.0.0",
    "lockfileVersion": 1,
    "requires": true,
    "dependencies": {
        "mri": {
            "version": "1.1.1",
            "resolved": "https://registry.npmjs.org/mri/-/mri-1.1.1.tgz",
            "integrity": "sha1-haom09ru7t+A3FmEr5XMXKXK2fE="
        },
        "osx-temperature-sensor": {
            "version": "1.0.3",
            "resolved": "https://registry.npmjs.org/osx-temperature-sensor/-/osx-temperature-sensor-1.0.3.tgz",
            "integrity": "sha512-iqgD538Qp6F/RzV+kDeDsoNlSZIFShuS92DE4Zw9VwronG5qWsQIrDzvd777Bv1/+quF0ItR5ooelonENN5AgQ=="
        },
        "systeminformation": {
            "version": "3.45.7",
            "resolved": "https://registry.npmjs.org/systeminformation/-/systeminformation-3.45.7.tgz",
            "integrity": "sha512-MVTzuYCrrjS3o91oiEBZ7z4F+lw6lg7GXK8VgTaJLdCMTxXyJZCQYKr7GMYgt72y5JCYWz/kWc8a66RNjRnCkQ=="
        }
    }
}
